
Microsoft Visual Studio Solution File, Format Version 12.00
# Visual Studio Version 17
VisualStudioVersion = 17.3.32929.385
MinimumVisualStudioVersion = 10.0.40219.1
Project("{9A19103F-16F7-4668-BE54-9A1E7A4F7556}") = "Media_Player_App", "Media_Player_App\Media_Player_App.csproj", "{4804CDFE-CEEB-4E33-80BF-EEE50FF828B7}"
EndProject
Global
	GlobalSection(SolutionConfigurationPlatforms) = preSolution
		Debug|Any CPU = Debug|Any CPU
		Release|Any CPU = Release|Any CPU
	EndGlobalSection
	GlobalSection(ProjectConfigurationPlatforms) = postSolution
		{4804CDFE-CEEB-4E33-80BF-EEE50FF828B7}.Debug|Any CPU.ActiveCfg = Debug|Any CPU
		{4804CDFE-CEEB-4E33-80BF-EEE50FF828B7}.Debug|Any CPU.Build.0 = Debug|Any CPU
		{4804CDFE-CEEB-4E33-80BF-EEE50FF828B7}.Release|Any CPU.ActiveCfg = Release|Any CPU
		{4804CDFE-CEEB-4E33-80BF-EEE50FF828B7}.Release|Any CPU.Build.0 = Release|Any CPU
	EndGlobalSection
	GlobalSection(SolutionProperties) = preSolution
		HideSolutionNode = FALSE
	EndGlobalSection
	GlobalSection(ExtensibilityGlobals) = postSolution
		SolutionGuid = {AA21BD9D-101C-44C4-A85C-7466641CAA14}
	EndGlobalSection
EndGlobal
